{
  "version": 4,
  "terraform_version": "1.14.5",
  "serial": 32,
  "lineage": "14aac6d2-1571-b56f-6cbe-e75bc4b719fc",
  "outputs": {},
  "resources": [
    {
      "mode": "data",
      "type": "btp_subaccount_service_plan",
      "name": "alert_notification_service_standard",
      "provider": "provider[\"registry.terraform.io/sap/btp\"]",
      "instances": [
        {
          "schema_version": 0,
          "attributes": {
            "bindable": false,
            "catalog_id": "760987b6-6277-4e0f-91e9-543a02d1631c",
            "catalog_name": "standard",
            "created_date": "2019-10-07T08:00:06Z",
            "description": "Allows consumption of SAP Alert Notification service events as well as posting custom events",
            "free": false,
            "id": "1a92101d-2e60-46f8-b41d-63489003dcd3",
            "last_modified": "2026-01-06T11:33:57Z",
            "name": "standard",
            "offering_name": "alert-notification",
            "ready": true,
            "serviceoffering_id": "6f3240fe-c9f9-4b7e-b8a5-7528269106a2",
            "shareable": false,
            "subaccount_id": "fe8b1727-42d4-431c-98bb-c8157c5bf74f"
          },
          "sensitive_attributes": [],
          "identity_schema_version": 0
        }
      ]
    },
    {
      "mode": "managed",
      "type": "btp_subaccount",
      "name": "project_subaccount",
      "provider": "provider[\"registry.terraform.io/sap/btp\"]",
      "instances": [
        {
          "schema_version": 0,
          "attributes": {
            "beta_enabled": true,
            "created_by": "",
            "created_date": "2026-03-02T07:51:26Z",
            "description": "",
            "id": "fe8b1727-42d4-431c-98bb-c8157c5bf74f",
            "labels": {
              "costcenter": [
                "12345"
              ],
              "stage": [
                "DEV"
              ]
            },
            "last_modified": "2026-03-02T07:51:55Z",
            "name": "DEV Project SHAR",
            "parent_features": null,
            "parent_id": "22be8755-2a68-40de-940b-e549c6d0601c",
            "region": "us10",
            "skip_auto_entitlement": null,
            "state": "OK",
            "subdomain": "dev-project-shar-466d7f90-036d-7229-9c61-39c45104231a",
            "usage": "UNSET"
          },
          "sensitive_attributes": [],
          "identity_schema_version": 0,
          "dependencies": [
            "random_uuid.uuid"
          ]
        }
      ]
    },
    {
      "mode": "managed",
      "type": "btp_subaccount_entitlement",
      "name": "alert_notification_service_standard",
      "provider": "provider[\"registry.terraform.io/sap/btp\"]",
      "instances": [
        {
          "schema_version": 1,
          "attributes": {
            "amount": null,
            "category": "ELASTIC_SERVICE",
            "created_date": "2026-03-02T08:12:19Z",
            "id": "alertnotificationservicecf",
            "last_modified": "2026-03-03T04:39:33Z",
            "plan_id": "alertnotificationservicecf",
            "plan_name": "standard",
            "plan_unique_identifier": "alertnotificationservicecf",
            "service_name": "alert-notification",
            "state": "PROCESSING_FAILED",
            "subaccount_id": "fe8b1727-42d4-431c-98bb-c8157c5bf74f"
          },
          "sensitive_attributes": [],
          "identity_schema_version": 0,
          "identity": {
            "plan_name": "standard",
            "service_name": "alert-notification",
            "subaccount_id": "fe8b1727-42d4-431c-98bb-c8157c5bf74f"
          },
          "dependencies": [
            "btp_subaccount.project_subaccount",
            "random_uuid.uuid"
          ]
        }
      ]
    },
    {
      "mode": "managed",
      "type": "btp_subaccount_entitlement",
      "name": "application_logs",
      "provider": "provider[\"registry.terraform.io/sap/btp\"]",
      "instances": [
        {
          "schema_version": 1,
          "attributes": {
            "amount": null,
            "category": "ELASTIC_SERVICE",
            "created_date": "2026-03-02T07:51:45Z",
            "id": "application-logs-lite",
            "last_modified": "2026-03-03T05:00:23Z",
            "plan_id": "application-logs-lite",
            "plan_name": "lite",
            "plan_unique_identifier": "application-logs-lite",
            "service_name": "application-logs",
            "state": "OK",
            "subaccount_id": "fe8b1727-42d4-431c-98bb-c8157c5bf74f"
          },
          "sensitive_attributes": [],
          "identity_schema_version": 0,
          "identity": {
            "plan_name": "lite",
            "service_name": "application-logs",
            "subaccount_id": "fe8b1727-42d4-431c-98bb-c8157c5bf74f"
          },
          "dependencies": [
            "btp_subaccount.project_subaccount",
            "random_uuid.uuid"
          ]
        }
      ]
    },
    {
      "mode": "managed",
      "type": "btp_subaccount_entitlement",
      "name": "feature_flags_dashboard_app",
      "provider": "provider[\"registry.terraform.io/sap/btp\"]",
      "instances": [
        {
          "schema_version": 1,
          "attributes": {
            "amount": null,
            "category": "APPLICATION",
            "created_date": "2026-03-02T08:12:18Z",
            "id": "feature-flags-dashboard",
            "last_modified": "2026-03-03T04:41:15Z",
            "plan_id": "feature-flags-dashboard",
            "plan_name": "dashboard",
            "plan_unique_identifier": "feature-flags-dashboard",
            "service_name": "feature-flags-dashboard",
            "state": "OK",
            "subaccount_id": "fe8b1727-42d4-431c-98bb-c8157c5bf74f"
          },
          "sensitive_attributes": [],
          "identity_schema_version": 0,
          "identity": {
            "plan_name": "dashboard",
            "service_name": "feature-flags-dashboard",
            "subaccount_id": "fe8b1727-42d4-431c-98bb-c8157c5bf74f"
          },
          "dependencies": [
            "btp_subaccount.project_subaccount",
            "random_uuid.uuid"
          ]
        }
      ]
    },
    {
      "mode": "managed",
      "type": "btp_subaccount_entitlement",
      "name": "feature_flags_service_lite",
      "provider": "provider[\"registry.terraform.io/sap/btp\"]",
      "instances": [
        {
          "schema_version": 1,
          "attributes": {
            "amount": null,
            "category": "ELASTIC_SERVICE",
            "created_date": "2026-03-02T07:51:45Z",
            "id": "feature-flags-lite",
            "last_modified": "2026-03-03T04:41:15Z",
            "plan_id": "feature-flags-lite",
            "plan_name": "lite",
            "plan_unique_identifier": "feature-flags-lite",
            "service_name": "feature-flags",
            "state": "OK",
            "subaccount_id": "fe8b1727-42d4-431c-98bb-c8157c5bf74f"
          },
          "sensitive_attributes": [],
          "identity_schema_version": 0,
          "identity": {
            "plan_name": "lite",
            "service_name": "feature-flags",
            "subaccount_id": "fe8b1727-42d4-431c-98bb-c8157c5bf74f"
          },
          "dependencies": [
            "btp_subaccount.project_subaccount",
            "random_uuid.uuid"
          ]
        }
      ]
    },
    {
      "mode": "managed",
      "type": "btp_subaccount_service_instance",
      "name": "alert_notification_service_standard",
      "provider": "provider[\"registry.terraform.io/sap/btp\"]",
      "instances": [
        {
          "schema_version": 0,
          "attributes": {
            "context": "{\"origin\":\"sapcp\",\"region\":\"cf-us10\",\"zone_id\":\"fe8b1727-42d4-431c-98bb-c8157c5bf74f\",\"env_type\":\"sapcp\",\"platform\":\"sapcp\",\"subdomain\":\"dev-project-shar-466d7f90-036d-7229-9c61-39c45104231a\",\"license_type\":\"TRIAL\",\"instance_name\":\"dev-project-shar-alert-notification\",\"subaccount_id\":\"fe8b1727-42d4-431c-98bb-c8157c5bf74f\",\"crm_customer_id\":\"\",\"global_account_id\":\"22be8755-2a68-40de-940b-e549c6d0601c\"}",
            "created_date": "2026-03-02T08:33:00Z",
            "dashboard_url": "",
            "id": "11f78953-7d84-40d7-9d76-6f64402dbe2c",
            "labels": {},
            "last_modified": "2026-03-02T08:33:11Z",
            "name": "dev-project-shar-alert-notification",
            "parameters": null,
            "platform_id": "service-manager",
            "ready": true,
            "referenced_instance_id": "",
            "serviceplan_id": "1a92101d-2e60-46f8-b41d-63489003dcd3",
            "shared": false,
            "state": "succeeded",
            "subaccount_id": "fe8b1727-42d4-431c-98bb-c8157c5bf74f",
            "timeouts": null,
            "usable": true
          },
          "sensitive_attributes": [
            [
              {
                "type": "get_attr",
                "value": "parameters"
              }
            ]
          ],
          "identity_schema_version": 0,
          "identity": {
            "id": "11f78953-7d84-40d7-9d76-6f64402dbe2c",
            "subaccount_id": "fe8b1727-42d4-431c-98bb-c8157c5bf74f"
          },
          "dependencies": [
            "btp_subaccount.project_subaccount",
            "data.btp_subaccount_service_plan.alert_notification_service_standard",
            "random_uuid.uuid"
          ]
        }
      ]
    },
    {
      "mode": "managed",
      "type": "btp_subaccount_subscription",
      "name": "feature_flags_dashboard_app",
      "provider": "provider[\"registry.terraform.io/sap/btp\"]",
      "instances": [
        {
          "schema_version": 0,
          "attributes": {
            "additional_plan_features": null,
            "app_id": "feature-flags!b1765",
            "app_name": "feature-flags-dashboard",
            "authentication_provider": "XSUAA",
            "category": "Foundation / Cross Services",
            "commercial_app_name": "feature-flags-dashboard",
            "created_date": "2026-03-03T04:41:24Z",
            "customer_developed": false,
            "description": "The Feature Flags service allows you to enable or disable new features at runtime without redeploying or restarting the application. You can use feature flags to control code delivery, synchronized rollout, direct shipment, and fast rollback of features.",
            "display_name": "Feature Flags Service",
            "formation_solution_name": "",
            "globalaccount_id": "36c433d1-e688-6c00-ce29-2a29a7a758e9",
            "id": "9d30dadc-9e0c-4249-a80f-875a38daa175",
            "labels": null,
            "last_modified": "2026-03-03T04:41:26Z",
            "parameters": "{}",
            "plan_name": "dashboard",
            "platform_entity_id": "",
            "quota": 1,
            "state": "SUBSCRIBED",
            "subaccount_id": "fe8b1727-42d4-431c-98bb-c8157c5bf74f",
            "subscribed_subaccount_id": "fe8b1727-42d4-431c-98bb-c8157c5bf74f",
            "subscribed_tenant_id": "fe8b1727-42d4-431c-98bb-c8157c5bf74f",
            "subscription_url": "https://dev-project-shar-466d7f90-036d-7229-9c61-39c45104231a.feature-flags-dashboard.cfapps.us10.hana.ondemand.com",
            "supports_parameters_updates": false,
            "supports_plan_updates": false,
            "tenant_id": "faefaf02-0b2f-48e0-87e7-2d89c121dc25",
            "timeouts": null
          },
          "sensitive_attributes": [],
          "identity_schema_version": 0,
          "identity": {
            "app_name": "feature-flags-dashboard",
            "plan_name": "dashboard",
            "subaccount_id": "fe8b1727-42d4-431c-98bb-c8157c5bf74f"
          },
          "dependencies": [
            "btp_subaccount.project_subaccount",
            "btp_subaccount_entitlement.feature_flags_dashboard_app",
            "random_uuid.uuid"
          ]
        }
      ]
    },
    {
      "mode": "managed",
      "type": "random_uuid",
      "name": "uuid",
      "provider": "provider[\"registry.terraform.io/hashicorp/random\"]",
      "instances": [
        {
          "schema_version": 0,
          "attributes": {
            "id": "466d7f90-036d-7229-9c61-39c45104231a",
            "keepers": null,
            "result": "466d7f90-036d-7229-9c61-39c45104231a"
          },
          "sensitive_attributes": [],
          "identity_schema_version": 0
        }
      ]
    }
  ],
  "check_results": [
    {
      "object_kind": "var",
      "config_addr": "var.subaccount_region",
      "status": "pass",
      "objects": [
        {
          "object_addr": "var.subaccount_region",
          "status": "pass"
        }
      ]
    },
    {
      "object_kind": "var",
      "config_addr": "var.subaccount_stage",
      "status": "pass",
      "objects": [
        {
          "object_addr": "var.subaccount_stage",
          "status": "pass"
        }
      ]
    },
    {
      "object_kind": "var",
      "config_addr": "var.project_costcenter",
      "status": "pass",
      "objects": [
        {
          "object_addr": "var.project_costcenter",
          "status": "pass"
        }
      ]
    }
  ]
}
